
Microsoft Visual Studio Solution File, Format Version 12.00
# Visual Studio Version 16
VisualStudioVersion = 16.0.31911.196
MinimumVisualStudioVersion = 10.0.40219.1
Project("{FAE04EC0-301F-11D3-BF4B-00C04F79EFBC}") = "ProjetoElevador_Documentacao", "ProjetoElevador_Documentacao\ProjetoElevador_Documentacao.csproj", "{CB244B9F-BC43-4A67-A43E-D7B3FB8C04E7}"
EndProject
Global
	GlobalSection(SolutionConfigurationPlatforms) = preSolution
		Debug|Any CPU = Debug|Any CPU
		Release|Any CPU = Release|Any CPU
	EndGlobalSection
	GlobalSection(ProjectConfigurationPlatforms) = postSolution
		{CB244B9F-BC43-4A67-A43E-D7B3FB8C04E7}.Debug|Any CPU.ActiveCfg = Debug|Any CPU
		{CB244B9F-BC43-4A67-A43E-D7B3FB8C04E7}.Debug|Any CPU.Build.0 = Debug|Any CPU
		{CB244B9F-BC43-4A67-A43E-D7B3FB8C04E7}.Release|Any CPU.ActiveCfg = Release|Any CPU
		{CB244B9F-BC43-4A67-A43E-D7B3FB8C04E7}.Release|Any CPU.Build.0 = Release|Any CPU
	EndGlobalSection
	GlobalSection(SolutionProperties) = preSolution
		HideSolutionNode = FALSE
	EndGlobalSection
	GlobalSection(ExtensibilityGlobals) = postSolution
		SolutionGuid = {AEF12FF6-57E2-46D8-9C60-89BCEC121BBA}
	EndGlobalSection
EndGlobal
